// !$*UTF8*$!
{
	archiveVersion = 1;
	classes = {
	};
	objectVersion = 56;
	objects = {

/* Begin PBXBuildFile section */
		2A0622E22A1DE6AD0064542F /* UIRoundView.swift in Sources */ = {isa = PBXBuildFile; fileRef = 2A0622E12A1DE6AD0064542F /* UIRoundView.swift */; };
		2A840FE82A1D9C9200F7994C /* AppDelegate.swift in Sources */ = {isa = PBXBuildFile; fileRef = 2A840FE72A1D9C9200F7994C /* AppDelegate.swift */; };
		2A840FEA2A1D9C9200F7994C /* SceneDelegate.swift in Sources */ = {isa = PBXBuildFile; fileRef = 2A840FE92A1D9C9200F7994C /* SceneDelegate.swift */; };
		2A840FEC2A1D9C9200F7994C /* ViewController.swift in Sources */ = {isa = PBXBuildFile; fileRef = 2A840FEB2A1D9C9200F7994C /* ViewController.swift */; };
		2A840FEF2A1D9C9200F7994C /* Main.storyboard in Resources */ = {isa = PBXBuildFile; fileRef = 2A840FED2A1D9C9200F7994C /* Main.storyboard */; };
		2A840FF12A1D9C9300F7994C /* Assets.xcassets in Resources */ = {isa = PBXBuildFile; fileRef = 2A840FF02A1D9C9300F7994C /* Assets.xcassets */; };
		2A840FF42A1D9C9300F7994C /* LaunchScreen.storyboard in Resources */ = {isa = PBXBuildFile; fileRef = 2A840FF22A1D9C9300F7994C /* LaunchScreen.storyboard */; };
		2A840FFC2A1D9CC000F7994C /* cB-t5Cvt.png in Resources */ = {isa = PBXBuildFile; fileRef = 2A840FFB2A1D9CC000F7994C /* cB-t5Cvt.png */; };
		2A8410032A1DE4A100F7994C /* UIRoundImageView.swift in Sources */ = {isa = PBXBuildFile; fileRef = 2A8410022A1DE4A100F7994C /* UIRoundImageView.swift */; };
/* End PBXBuildFile section */

/* Begin PBXFileReference section */
		2A0622E12A1DE6AD0064542F /* UIRoundView.swift */ = {isa = PBXFileReference; lastKnownFileType = sourcecode.swift; path = UIRoundView.swift; sourceTree = "<group>"; };
		2A840FE42A1D9C9200F7994C /* HomeWork10.app */ = {isa = PBXFileReference; explicitFileType = wrapper.application; includeInIndex = 0; path = HomeWork10.app; sourceTree = BUILT_PRODUCTS_DIR; };
		2A840FE72A1D9C9200F7994C /* AppDelegate.swift */ = {isa = PBXFileReference; lastKnownFileType = sourcecode.swift; path = AppDelegate.swift; sourceTree = "<group>"; };
		2A840FE92A1D9C9200F7994C /* SceneDelegate.swift */ = {isa = PBXFileReference; lastKnownFileType = sourcecode.swift; path = SceneDelegate.swift; sourceTree = "<group>"; };
		2A840FEB2A1D9C9200F7994C /* ViewController.swift */ = {isa = PBXFileReference; lastKnownFileType = sourcecode.swift; path = ViewController.swift; sourceTree = "<group>"; };
		2A840FEE2A1D9C9200F7994C /* Base */ = {isa = PBXFileReference; lastKnownFileType = file.storyboard; name = Base; path = Base.lproj/Main.storyboard; sourceTree = "<group>"; };
		2A840FF02A1D9C9300F7994C /* Assets.xcassets */ = {isa = PBXFileReference; lastKnownFileType = folder.assetcatalog; path = Assets.xcassets; sourceTree = "<group>"; };
		2A840FF32A1D9C9300F7994C /* Base */ = {isa = PBXFileReference; lastKnownFileType = file.storyboard; name = Base; path = Base.lproj/LaunchScreen.storyboard; sourceTree = "<group>"; };
		2A840FF52A1D9C9300F7994C /* Info.plist */ = {isa = PBXFileReference; lastKnownFileType = text.plist.xml; path = Info.plist; sourceTree = "<group>"; };
		2A840FFB2A1D9CC000F7994C /* cB-t5Cvt.png */ = {isa = PBXFileReference; lastKnownFileType = image.png; path = "cB-t5Cvt.png"; sourceTree = "<group>"; };
		2A8410022A1DE4A100F7994C /* UIRoundImageView.swift */ = {isa = PBXFileReference; lastKnownFileType = sourcecode.swift; path = UIRoundImageView.swift; sourceTree = "<group>"; };
/* End PBXFileReference section */

/* Begin PBXFrameworksBuildPhase section */
		2A840FE12A1D9C9200F7994C /* Frameworks */ = {
			isa = PBXFrameworksBuildPhase;
			buildActionMask = 2147483647;
			files = (
			);
			runOnlyForDeploymentPostprocessing = 0;
		};
/* End PBXFrameworksBuildPhase section */

/* Begin PBXGroup section */
		2A840FDB2A1D9C9200F7994C = {
			isa = PBXGroup;
			children = (
				2A840FE62A1D9C9200F7994C /* HomeWork10 */,
				2A840FE52A1D9C9200F7994C /* Products */,
			);
			sourceTree = "<group>";
		};
		2A840FE52A1D9C9200F7994C /* Products */ = {
			isa = PBXGroup;
			children = (
				2A840FE42A1D9C9200F7994C /* HomeWork10.app */,
			);
			name = Products;
			sourceTree = "<group>";
		};
		2A840FE62A1D9C9200F7994C /* HomeWork10 */ = {
			isa = PBXGroup;
			children = (
				2A840FFD2A1D9DCE00F7994C /* views */,
				2A840FFB2A1D9CC000F7994C /* cB-t5Cvt.png */,
				2A840FE72A1D9C9200F7994C /* AppDelegate.swift */,
				2A840FE92A1D9C9200F7994C /* SceneDelegate.swift */,
				2A840FEB2A1D9C9200F7994C /* ViewController.swift */,
				2A840FED2A1D9C9200F7994C /* Main.storyboard */,
				2A840FF02A1D9C9300F7994C /* Assets.xcassets */,
				2A840FF22A1D9C9300F7994C /* LaunchScreen.storyboard */,
				2A840FF52A1D9C9300F7994C /* Info.plist */,
			);
			path = HomeWork10;
			sourceTree = "<group>";
		};
		2A840FFD2A1D9DCE00F7994C /* views */ = {
			isa = PBXGroup;
			children = (
				2A8410022A1DE4A100F7994C /* UIRoundImageView.swift */,
				2A0622E12A1DE6AD0064542F /* UIRoundView.swift */,
			);
			path = views;
			sourceTree = "<group>";
		};
/* End PBXGroup section */

/* Begin PBXNativeTarget section */
		2A840FE32A1D9C9200F7994C /* HomeWork10 */ = {
			isa = PBXNativeTarget;
			buildConfigurationList = 2A840FF82A1D9C9300F7994C /* Build configuration list for PBXNativeTarget "HomeWork10" */;
			buildPhases = (
				2A840FE02A1D9C9200F7994C /* Sources */,
				2A840FE12A1D9C9200F7994C /* Frameworks */,
				2A840FE22A1D9C9200F7994C /* Resources */,
			);
			buildRules = (
			);
			dependencies = (
			);
			name = HomeWork10;
			productName = HomeWork10;
			productReference = 2A840FE42A1D9C9200F7994C /* HomeWork10.app */;
			productType = "com.apple.product-type.application";
		};
/* End PBXNativeTarget section */

/* Begin PBXProject section */
		2A840FDC2A1D9C9200F7994C /* Project object */ = {
			isa = PBXProject;
			attributes = {
				BuildIndependentTargetsInParallel = 1;
				LastSwiftUpdateCheck = 1420;
				LastUpgradeCheck = 1420;
				TargetAttributes = {
					2A840FE32A1D9C9200F7994C = {
						CreatedOnToolsVersion = 14.2;
					};
				};
			};
			buildConfigurationList = 2A840FDF2A1D9C9200F7994C /* Build configuration list for PBXProject "HomeWork10" */;
			compatibilityVersion = "Xcode 14.0";
			developmentRegion = en;
			hasScannedForEncodings = 0;
			knownRegions = (
				en,
				Base,
			);
			mainGroup = 2A840FDB2A1D9C9200F7994C;
			productRefGroup = 2A840FE52A1D9C9200F7994C /* Products */;
			projectDirPath = "";
			projectRoot = "";
			targets = (
				2A840FE32A1D9C9200F7994C /* HomeWork10 */,
			);
		};
/* End PBXProject section */

/* Begin PBXResourcesBuildPhase section */
		2A840FE22A1D9C9200F7994C /* Resources */ = {
			isa = PBXResourcesBuildPhase;
			buildActionMask = 2147483647;
			files = (
				2A840FF42A1D9C9300F7994C /* LaunchScreen.storyboard in Resources */,
				2A840FF12A1D9C9300F7994C /* Assets.xcassets in Resources */,
				2A840FEF2A1D9C9200F7994C /* Main.storyboard in Resources */,
				2A840FFC2A1D9CC000F7994C /* cB-t5Cvt.png in Resources */,
			);
			runOnlyForDeploymentPostprocessing = 0;
		};
/* End PBXResourcesBuildPhase section */

/* Begin PBXSourcesBuildPhase section */
		2A840FE02A1D9C9200F7994C /* Sources */ = {
			isa = PBXSourcesBuildPhase;
			buildActionMask = 2147483647;
			files = (
				2A840FEC2A1D9C9200F7994C /* ViewController.swift in Sources */,
				2A8410032A1DE4A100F7994C /* UIRoundImageView.swift in Sources */,
				2A840FE82A1D9C9200F7994C /* AppDelegate.swift in Sources */,
				2A0622E22A1DE6AD0064542F /* UIRoundView.swift in Sources */,
				2A840FEA2A1D9C9200F7994C /* SceneDelegate.swift in Sources */,
			);
			runOnlyForDeploymentPostprocessing = 0;
		};
/* End PBXSourcesBuildPhase section */

/* Begin PBXVariantGroup section */
		2A840FED2A1D9C9200F7994C /* Main.storyboard */ = {
			isa = PBXVariantGroup;
			children = (
				2A840FEE2A1D9C9200F7994C /* Base */,
			);
			name = Main.storyboard;
			sourceTree = "<group>";
		};
		2A840FF22A1D9C9300F7994C /* LaunchScreen.storyboard */ = {
			isa = PBXVariantGroup;
			children = (
				2A840FF32A1D9C9300F7994C /* Base */,
			);
			name = LaunchScreen.storyboard;
			sourceTree = "<group>";
		};
/* End PBXVariantGroup section */

/* Begin XCBuildConfiguration section */
		2A840FF62A1D9C9300F7994C /* Debug */ = {
			isa = XCBuildConfiguration;
			buildSettings = {
				ALWAYS_SEARCH_USER_PATHS = NO;
				CLANG_ANALYZER_NONNULL = YES;
				CLANG_ANALYZER_NUMBER_OBJECT_CONVERSION = YES_AGGRESSIVE;
				CLANG_CXX_LANGUAGE_STANDARD = "gnu++20";
				CLANG_ENABLE_MODULES = YES;
				CLANG_ENABLE_OBJC_ARC = YES;
				CLANG_ENABLE_OBJC_WEAK = YES;
				CLANG_WARN_BLOCK_CAPTURE_AUTORELEASING = YES;
				CLANG_WARN_BOOL_CONVERSION = YES;
				CLANG_WARN_COMMA = YES;
				CLANG_WARN_CONSTANT_CONVERSION = YES;
				CLANG_WARN_DEPRECATED_OBJC_IMPLEMENTATIONS = YES;
				CLANG_WARN_DIRECT_OBJC_ISA_USAGE = YES_ERROR;
				CLANG_WARN_DOCUMENTATION_COMMENTS = YES;
				CLANG_WARN_EMPTY_BODY = YES;
				CLANG_WARN_ENUM_CONVERSION = YES;
				CLANG_WARN_INFINITE_RECURSION = YES;
				CLANG_WARN_INT_CONVERSION = YES;
				CLANG_WARN_NON_LITERAL_NULL_CONVERSION = YES;
				CLANG_WARN_OBJC_IMPLICIT_RETAIN_SELF = YES;
				CLANG_WARN_OBJC_LITERAL_CONVERSION = YES;
				CLANG_WARN_OBJC_ROOT_CLASS = YES_ERROR;
				CLANG_WARN_QUOTED_INCLUDE_IN_FRAMEWORK_HEADER = YES;
				CLANG_WARN_RANGE_LOOP_ANALYSIS = YES;
				CLANG_WARN_STRICT_PROTOTYPES = YES;
				CLANG_WARN_SUSPICIOUS_MOVE = YES;
				CLANG_WARN_UNGUARDED_AVAILABILITY = YES_AGGRESSIVE;
				CLANG_WARN_UNREACHABLE_CODE = YES;
				CLANG_WARN__DUPLICATE_METHOD_MATCH = YES;
				COPY_PHASE_STRIP = NO;
				DEBUG_INFORMATION_FORMAT = dwarf;
				ENABLE_STRICT_OBJC_MSGSEND = YES;
				ENABLE_TESTABILITY = YES;
				GCC_C_LANGUAGE_STANDARD = gnu11;
				GCC_DYNAMIC_NO_PIC = NO;
				GCC_NO_COMMON_BLOCKS = YES;
				GCC_OPTIMIZATION_LEVEL = 0;
				GCC_PREPROCESSOR_DEFINITIONS = (
					"DEBUG=1",
					"$(inherited)",
				);
				GCC_WARN_64_TO_32_BIT_CONVERSION = YES;
				GCC_WARN_ABOUT_RETURN_TYPE = YES_ERROR;
				GCC_WARN_UNDECLARED_SELECTOR = YES;
				GCC_WARN_UNINITIALIZED_AUTOS = YES_AGGRESSIVE;
				GCC_WARN_UNUSED_FUNCTION = YES;
				GCC_WARN_UNUSED_VARIABLE = YES;
				IPHONEOS_DEPLOYMENT_TARGET = 16.2;
				MTL_ENABLE_DEBUG_INFO = INCLUDE_SOURCE;
				MTL_FAST_MATH = YES;
				ONLY_ACTIVE_ARCH = YES;
				SDKROOT = iphoneos;
				SWIFT_ACTIVE_COMPILATION_CONDITIONS = DEBUG;
				SWIFT_OPTIMIZATION_LEVEL = "-Onone";
			};
			name = Debug;
		};
		2A840FF72A1D9C9300F7994C /* Release */ = {
			isa = XCBuildConfiguration;
			buildSettings = {
				ALWAYS_SEARCH_USER_PATHS = NO;
				CLANG_ANALYZER_NONNULL = YES;
				CLANG_ANALYZER_NUMBER_OBJECT_CONVERSION = YES_AGGRESSIVE;
				CLANG_CXX_LANGUAGE_STANDARD = "gnu++20";
				CLANG_ENABLE_MODULES = YES;
				CLANG_ENABLE_OBJC_ARC = YES;
				CLANG_ENABLE_OBJC_WEAK = YES;
				CLANG_WARN_BLOCK_CAPTURE_AUTORELEASING = YES;
				CLANG_WARN_BOOL_CONVERSION = YES;
				CLANG_WARN_COMMA = YES;
				CLANG_WARN_CONSTANT_CONVERSION = YES;
				CLANG_WARN_DEPRECATED_OBJC_IMPLEMENTATIONS = YES;
				CLANG_WARN_DIRECT_OBJC_ISA_USAGE = YES_ERROR;
				CLANG_WARN_DOCUMENTATION_COMMENTS = YES;
				CLANG_WARN_EMPTY_BODY = YES;
				CLANG_WARN_ENUM_CONVERSION = YES;
				CLANG_WARN_INFINITE_RECURSION = YES;
				CLANG_WARN_INT_CONVERSION = YES;
				CLANG_WARN_NON_LITERAL_NULL_CONVERSION = YES;
				CLANG_WARN_OBJC_IMPLICIT_RETAIN_SELF = YES;
				CLANG_WARN_OBJC_LITERAL_CONVERSION = YES;
				CLANG_WARN_OBJC_ROOT_CLASS = YES_ERROR;
				CLANG_WARN_QUOTED_INCLUDE_IN_FRAMEWORK_HEADER = YES;
				CLANG_WARN_RANGE_LOOP_ANALYSIS = YES;
				CLANG_WARN_STRICT_PROTOTYPES = YES;
				CLANG_WARN_SUSPICIOUS_MOVE = YES;
				CLANG_WARN_UNGUARDED_AVAILABILITY = YES_AGGRESSIVE;
				CLANG_WARN_UNREACHABLE_CODE = YES;
				CLANG_WARN__DUPLICATE_METHOD_MATCH = YES;
				COPY_PHASE_STRIP = NO;
				DEBUG_INFORMATION_FORMAT = "dwarf-with-dsym";
				ENABLE_NS_ASSERTIONS = NO;
				ENABLE_STRICT_OBJC_MSGSEND = YES;
				GCC_C_LANGUAGE_STANDARD = gnu11;
				GCC_NO_COMMON_BLOCKS = YES;
				GCC_WARN_64_TO_32_BIT_CONVERSION = YES;
				GCC_WARN_ABOUT_RETURN_TYPE = YES_ERROR;
				GCC_WARN_UNDECLARED_SELECTOR = YES;
				GCC_WARN_UNINITIALIZED_AUTOS = YES_AGGRESSIVE;
				GCC_WARN_UNUSED_FUNCTION = YES;
				GCC_WARN_UNUSED_VARIABLE = YES;
				IPHONEOS_DEPLOYMENT_TARGET = 16.2;
				MTL_ENABLE_DEBUG_INFO = NO;
				MTL_FAST_MATH = YES;
				SDKROOT = iphoneos;
				SWIFT_COMPILATION_MODE = wholemodule;
				SWIFT_OPTIMIZATION_LEVEL = "-O";
				VALIDATE_PRODUCT = YES;
			};
			name = Release;
		};
		2A840FF92A1D9C9300F7994C /* Debug */ = {
			isa = XCBuildConfiguration;
			buildSettings = {
				ASSETCATALOG_COMPILER_APPICON_NAME = AppIcon;
				ASSETCATALOG_COMPILER_GLOBAL_ACCENT_COLOR_NAME = AccentColor;
				CODE_SIGN_STYLE = Automatic;
				CURRENT_PROJECT_VERSION = 1;
				DEVELOPMENT_TEAM = DVU2T869M6;
				GENERATE_INFOPLIST_FILE = YES;
				INFOPLIST_FILE = HomeWork10/Info.plist;
				INFOPLIST_KEY_UIApplicationSupportsIndirectInputEvents = YES;
				INFOPLIST_KEY_UILaunchStoryboardName = LaunchScreen;
				INFOPLIST_KEY_UIMainStoryboardFile = Main;
				INFOPLIST_KEY_UISupportedInterfaceOrientations_iPad = "UIInterfaceOrientationPortrait UIInterfaceOrientationPortraitUpsideDown UIInterfaceOrientationLandscapeLeft UIInterfaceOrientationLandscapeRight";
				INFOPLIST_KEY_UISupportedInterfaceOrientations_iPhone = "UIInterfaceOrientationPortrait UIInterfaceOrientationLandscapeLeft UIInterfaceOrientationLandscapeRight";
				LD_RUNPATH_SEARCH_PATHS = (
					"$(inherited)",
					"@executable_path/Frameworks",
				);
				MARKETING_VERSION = 1.0;
				PRODUCT_BUNDLE_IDENTIFIER = com.training.HomeWork10;
				PRODUCT_NAME = "$(TARGET_NAME)";
				SWIFT_EMIT_LOC_STRINGS = YES;
				SWIFT_VERSION = 5.0;
				TARGETED_DEVICE_FAMILY = "1,2";
			};
			name = Debug;
		};
		2A840FFA2A1D9C9300F7994C /* Release */ = {
			isa = XCBuildConfiguration;
			buildSettings = {
				ASSETCATALOG_COMPILER_APPICON_NAME = AppIcon;
				ASSETCATALOG_COMPILER_GLOBAL_ACCENT_COLOR_NAME = AccentColor;
				CODE_SIGN_STYLE = Automatic;
				CURRENT_PROJECT_VERSION = 1;
				DEVELOPMENT_TEAM = DVU2T869M6;
				GENERATE_INFOPLIST_FILE = YES;
				INFOPLIST_FILE = HomeWork10/Info.plist;
				INFOPLIST_KEY_UIApplicationSupportsIndirectInputEvents = YES;
				INFOPLIST_KEY_UILaunchStoryboardName = LaunchScreen;
				INFOPLIST_KEY_UIMainStoryboardFile = Main;
				INFOPLIST_KEY_UISupportedInterfaceOrientations_iPad = "UIInterfaceOrientationPortrait UIInterfaceOrientationPortraitUpsideDown UIInterfaceOrientationLandscapeLeft UIInterfaceOrientationLandscapeRight";
				INFOPLIST_KEY_UISupportedInterfaceOrientations_iPhone = "UIInterfaceOrientationPortrait UIInterfaceOrientationLandscapeLeft UIInterfaceOrientationLandscapeRight";
				LD_RUNPATH_SEARCH_PATHS = (
					"$(inherited)",
					"@executable_path/Frameworks",
				);
				MARKETING_VERSION = 1.0;
				PRODUCT_BUNDLE_IDENTIFIER = com.training.HomeWork10;
				PRODUCT_NAME = "$(TARGET_NAME)";
				SWIFT_EMIT_LOC_STRINGS = YES;
				SWIFT_VERSION = 5.0;
				TARGETED_DEVICE_FAMILY = "1,2";
			};
			name = Release;
		};
/* End XCBuildConfiguration section */

/* Begin XCConfigurationList section */
		2A840FDF2A1D9C9200F7994C /* Build configuration list for PBXProject "HomeWork10" */ = {
			isa = XCConfigurationList;
			buildConfigurations = (
				2A840FF62A1D9C9300F7994C /* Debug */,
				2A840FF72A1D9C9300F7994C /* Release */,
			);
			defaultConfigurationIsVisible = 0;
			defaultConfigurationName = Release;
		};
		2A840FF82A1D9C9300F7994C /* Build configuration list for PBXNativeTarget "HomeWork10" */ = {
			isa = XCConfigurationList;
			buildConfigurations = (
				2A840FF92A1D9C9300F7994C /* Debug */,
				2A840FFA2A1D9C9300F7994C /* Release */,
			);
			defaultConfigurationIsVisible = 0;
			defaultConfigurationName = Release;
		};
/* End XCConfigurationList section */
	};
	rootObject = 2A840FDC2A1D9C9200F7994C /* Project object */;
}
